{
  "name": "multiboyadvance-web",
  "version": "0.1.0",
  "lockfileVersion": 3,
  "requires": true,
  "packages": {
    "": {
      "name": "multiboyadvance-web",
      "version": "0.1.0",
      "hasInstallScript": true,
      "dependencies": {
        "@thenick775/mgba-wasm": "^2.4.1"
      }
    },
    "node_modules/@thenick775/mgba-wasm": {
      "version": "2.4.1",
      "resolved": "https://registry.npmjs.org/@thenick775/mgba-wasm/-/mgba-wasm-2.4.1.tgz",
      "integrity": "sha512-9RU3je846UBrhIeSXGEkpiQd78e6yV4FuryWe9onqOEJrBoTjckCkfOt9GXm0qhnjuoIF7t3TZoDXGANF4SjFg==",
      "license": "MPL-2.0"
    }
  }
}
